
Microsoft Visual Studio Solution File, Format Version 12.00
# Visual Studio 2013
VisualStudioVersion = 12.0.21005.1
MinimumVisualStudioVersion = 10.0.40219.1
Project("{8BC9CEB8-8B4A-11D0-8D11-00A0C91BC942}") = "strategy-pattern", "strategy-pattern\strategy-pattern.vcxproj", "{BF162BAF-BD03-401A-90F5-BD6A938F0392}"
EndProject
Project("{8BC9CEB8-8B4A-11D0-8D11-00A0C91BC942}") = "observer-pattern", "observer-pattern\observer-pattern.vcxproj", "{844E3B29-5124-4C96-836B-710D0957918E}"
EndProject
Project("{8BC9CEB8-8B4A-11D0-8D11-00A0C91BC942}") = "decorator-pattern", "decorator-pattern\decorator-pattern.vcxproj", "{206E96F1-EAB3-46D4-AA20-55E6A8969DC0}"
EndProject
Project("{8BC9CEB8-8B4A-11D0-8D11-00A0C91BC942}") = "factory-method-pattern", "factory-method-pattern\factory-method-pattern.vcxproj", "{B1F53143-90DB-4778-8767-01BB1E77FA6A}"
EndProject
Project("{8BC9CEB8-8B4A-11D0-8D11-00A0C91BC942}") = "singleton-pattern", "singleton-pattern\singleton-pattern.vcxproj", "{8ACE58D0-BB61-43FE-85D4-3E6C3E195909}"
EndProject
Project("{8BC9CEB8-8B4A-11D0-8D11-00A0C91BC942}") = "abstract-factory-pattern", "abstract-factory-pattern\abstract-factory-pattern.vcxproj", "{D08E6BBA-EE6D-4F36-9607-D5A4CC3B4A26}"
EndProject
Project("{8BC9CEB8-8B4A-11D0-8D11-00A0C91BC942}") = "adapter-pattern", "adapter-pattern\adapter-pattern.vcxproj", "{A04379D1-9C9F-41BA-8E56-BAB98A9369F6}"
EndProject
Project("{8BC9CEB8-8B4A-11D0-8D11-00A0C91BC942}") = "fade-pattern", "fade-pattern\fade-pattern.vcxproj", "{D12A3F70-84AC-422A-BC87-7FD99D3424DA}"
EndProject
Project("{8BC9CEB8-8B4A-11D0-8D11-00A0C91BC942}") = "command-pattern", "command-pattern\command-pattern.vcxproj", "{DD417A19-6B41-4F20-BEEF-102A914526E1}"
EndProject
Project("{8BC9CEB8-8B4A-11D0-8D11-00A0C91BC942}") = "template-method-pattern", "template-method-pattern\template-method-pattern.vcxproj", "{4933A207-A940-495B-89BD-E105A51567E8}"
EndProject
Global
	GlobalSection(SolutionConfigurationPlatforms) = preSolution
		Debug|Win32 = Debug|Win32
		Release|Win32 = Release|Win32
	EndGlobalSection
	GlobalSection(ProjectConfigurationPlatforms) = postSolution
		{BF162BAF-BD03-401A-90F5-BD6A938F0392}.Debug|Win32.ActiveCfg = Debug|Win32
		{BF162BAF-BD03-401A-90F5-BD6A938F0392}.Debug|Win32.Build.0 = Debug|Win32
		{BF162BAF-BD03-401A-90F5-BD6A938F0392}.Release|Win32.ActiveCfg = Release|Win32
		{BF162BAF-BD03-401A-90F5-BD6A938F0392}.Release|Win32.Build.0 = Release|Win32
		{844E3B29-5124-4C96-836B-710D0957918E}.Debug|Win32.ActiveCfg = Debug|Win32
		{844E3B29-5124-4C96-836B-710D0957918E}.Debug|Win32.Build.0 = Debug|Win32
		{844E3B29-5124-4C96-836B-710D0957918E}.Release|Win32.ActiveCfg = Release|Win32
		{844E3B29-5124-4C96-836B-710D0957918E}.Release|Win32.Build.0 = Release|Win32
		{206E96F1-EAB3-46D4-AA20-55E6A8969DC0}.Debug|Win32.ActiveCfg = Debug|Win32
		{206E96F1-EAB3-46D4-AA20-55E6A8969DC0}.Debug|Win32.Build.0 = Debug|Win32
		{206E96F1-EAB3-46D4-AA20-55E6A8969DC0}.Release|Win32.ActiveCfg = Release|Win32
		{206E96F1-EAB3-46D4-AA20-55E6A8969DC0}.Release|Win32.Build.0 = Release|Win32
		{B1F53143-90DB-4778-8767-01BB1E77FA6A}.Debug|Win32.ActiveCfg = Debug|Win32
		{B1F53143-90DB-4778-8767-01BB1E77FA6A}.Debug|Win32.Build.0 = Debug|Win32
		{B1F53143-90DB-4778-8767-01BB1E77FA6A}.Release|Win32.ActiveCfg = Release|Win32
		{B1F53143-90DB-4778-8767-01BB1E77FA6A}.Release|Win32.Build.0 = Release|Win32
		{8ACE58D0-BB61-43FE-85D4-3E6C3E195909}.Debug|Win32.ActiveCfg = Debug|Win32
		{8ACE58D0-BB61-43FE-85D4-3E6C3E195909}.Debug|Win32.Build.0 = Debug|Win32
		{8ACE58D0-BB61-43FE-85D4-3E6C3E195909}.Release|Win32.ActiveCfg = Release|Win32
		{8ACE58D0-BB61-43FE-85D4-3E6C3E195909}.Release|Win32.Build.0 = Release|Win32
		{D08E6BBA-EE6D-4F36-9607-D5A4CC3B4A26}.Debug|Win32.ActiveCfg = Debug|Win32
		{D08E6BBA-EE6D-4F36-9607-D5A4CC3B4A26}.Debug|Win32.Build.0 = Debug|Win32
		{D08E6BBA-EE6D-4F36-9607-D5A4CC3B4A26}.Release|Win32.ActiveCfg = Release|Win32
		{D08E6BBA-EE6D-4F36-9607-D5A4CC3B4A26}.Release|Win32.Build.0 = Release|Win32
		{A04379D1-9C9F-41BA-8E56-BAB98A9369F6}.Debug|Win32.ActiveCfg = Debug|Win32
		{A04379D1-9C9F-41BA-8E56-BAB98A9369F6}.Debug|Win32.Build.0 = Debug|Win32
		{A04379D1-9C9F-41BA-8E56-BAB98A9369F6}.Release|Win32.ActiveCfg = Release|Win32
		{A04379D1-9C9F-41BA-8E56-BAB98A9369F6}.Release|Win32.Build.0 = Release|Win32
		{D12A3F70-84AC-422A-BC87-7FD99D3424DA}.Debug|Win32.ActiveCfg = Debug|Win32
		{D12A3F70-84AC-422A-BC87-7FD99D3424DA}.Debug|Win32.Build.0 = Debug|Win32
		{D12A3F70-84AC-422A-BC87-7FD99D3424DA}.Release|Win32.ActiveCfg = Release|Win32
		{D12A3F70-84AC-422A-BC87-7FD99D3424DA}.Release|Win32.Build.0 = Release|Win32
		{DD417A19-6B41-4F20-BEEF-102A914526E1}.Debug|Win32.ActiveCfg = Debug|Win32
		{DD417A19-6B41-4F20-BEEF-102A914526E1}.Debug|Win32.Build.0 = Debug|Win32
		{DD417A19-6B41-4F20-BEEF-102A914526E1}.Release|Win32.ActiveCfg = Release|Win32
		{DD417A19-6B41-4F20-BEEF-102A914526E1}.Release|Win32.Build.0 = Release|Win32
		{4933A207-A940-495B-89BD-E105A51567E8}.Debug|Win32.ActiveCfg = Debug|Win32
		{4933A207-A940-495B-89BD-E105A51567E8}.Debug|Win32.Build.0 = Debug|Win32
		{4933A207-A940-495B-89BD-E105A51567E8}.Release|Win32.ActiveCfg = Release|Win32
		{4933A207-A940-495B-89BD-E105A51567E8}.Release|Win32.Build.0 = Release|Win32
	EndGlobalSection
	GlobalSection(SolutionProperties) = preSolution
		HideSolutionNode = FALSE
	EndGlobalSection
EndGlobal
