
Microsoft Visual Studio Solution File, Format Version 12.00
# Visual Studio 2013
VisualStudioVersion = 12.0.21005.1
MinimumVisualStudioVersion = 10.0.40219.1
Project("{8BC9CEB8-8B4A-11D0-8D11-00A0C91BC942}") = "strategy-pattern", "strategy-pattern\strategy-pattern.vcxproj", "{BF162BAF-BD03-401A-90F5-BD6A938F0392}"
EndProject
Project("{8BC9CEB8-8B4A-11D0-8D11-00A0C91BC942}") = "observer-pattern", "observer-pattern\observer-pattern.vcxproj", "{844E3B29-5124-4C96-836B-710D0957918E}"
EndProject
Project("{8BC9CEB8-8B4A-11D0-8D11-00A0C91BC942}") = "decorator-pattern", "decorator-pattern\decorator-pattern.vcxproj", "{206E96F1-EAB3-46D4-AA20-55E6A8969DC0}"
EndProject
Global
	GlobalSection(SolutionConfigurationPlatforms) = preSolution
		Debug|Win32 = Debug|Win32
		Release|Win32 = Release|Win32
	EndGlobalSection
	GlobalSection(ProjectConfigurationPlatforms) = postSolution
		{BF162BAF-BD03-401A-90F5-BD6A938F0392}.Debug|Win32.ActiveCfg = Debug|Win32
		{BF162BAF-BD03-401A-90F5-BD6A938F0392}.Debug|Win32.Build.0 = Debug|Win32
		{BF162BAF-BD03-401A-90F5-BD6A938F0392}.Release|Win32.ActiveCfg = Release|Win32
		{BF162BAF-BD03-401A-90F5-BD6A938F0392}.Release|Win32.Build.0 = Release|Win32
		{844E3B29-5124-4C96-836B-710D0957918E}.Debug|Win32.ActiveCfg = Debug|Win32
		{844E3B29-5124-4C96-836B-710D0957918E}.Debug|Win32.Build.0 = Debug|Win32
		{844E3B29-5124-4C96-836B-710D0957918E}.Release|Win32.ActiveCfg = Release|Win32
		{844E3B29-5124-4C96-836B-710D0957918E}.Release|Win32.Build.0 = Release|Win32
		{206E96F1-EAB3-46D4-AA20-55E6A8969DC0}.Debug|Win32.ActiveCfg = Debug|Win32
		{206E96F1-EAB3-46D4-AA20-55E6A8969DC0}.Debug|Win32.Build.0 = Debug|Win32
		{206E96F1-EAB3-46D4-AA20-55E6A8969DC0}.Release|Win32.ActiveCfg = Release|Win32
		{206E96F1-EAB3-46D4-AA20-55E6A8969DC0}.Release|Win32.Build.0 = Release|Win32
	EndGlobalSection
	GlobalSection(SolutionProperties) = preSolution
		HideSolutionNode = FALSE
	EndGlobalSection
EndGlobal
